
Microsoft Visual Studio Solution File, Format Version 12.00
# Visual Studio Version 17
VisualStudioVersion = 17.10.35004.147
MinimumVisualStudioVersion = 10.0.40219.1
Project("{6EC3EE1D-3C4E-46DD-8F32-0CC8E7565705}") = "LuciansLusciousLasagna", "LuciansLusciousLasagna.fsproj", "{E4B81FEE-2252-4380-9847-A80C92E54733}"
EndProject
Global
	GlobalSection(SolutionConfigurationPlatforms) = preSolution
		Debug|Any CPU = Debug|Any CPU
		Release|Any CPU = Release|Any CPU
	EndGlobalSection
	GlobalSection(ProjectConfigurationPlatforms) = postSolution
		{E4B81FEE-2252-4380-9847-A80C92E54733}.Debug|Any CPU.ActiveCfg = Debug|Any CPU
		{E4B81FEE-2252-4380-9847-A80C92E54733}.Debug|Any CPU.Build.0 = Debug|Any CPU
		{E4B81FEE-2252-4380-9847-A80C92E54733}.Release|Any CPU.ActiveCfg = Release|Any CPU
		{E4B81FEE-2252-4380-9847-A80C92E54733}.Release|Any CPU.Build.0 = Release|Any CPU
	EndGlobalSection
	GlobalSection(SolutionProperties) = preSolution
		HideSolutionNode = FALSE
	EndGlobalSection
	GlobalSection(ExtensibilityGlobals) = postSolution
		SolutionGuid = {5955CB81-6419-42AF-BE3B-CAD0B14F3A18}
	EndGlobalSection
EndGlobal
